// !$*UTF8*$!
{
	archiveVersion = 1;
	classes = {
	};
	objectVersion = 46;
	objects = {

/* Begin PBXBuildFile section */
		B0424B001DC0BB330076CC54 /* main.m in Sources */ = {isa = PBXBuildFile; fileRef = B0424AFF1DC0BB330076CC54 /* main.m */; };
		B0424B031DC0BB330076CC54 /* AppDelegate.m in Sources */ = {isa = PBXBuildFile; fileRef = B0424B021DC0BB330076CC54 /* AppDelegate.m */; };
		B0424B061DC0BB330076CC54 /* ViewController.m in Sources */ = {isa = PBXBuildFile; fileRef = B0424B051DC0BB330076CC54 /* ViewController.m */; };
		B0424B091DC0BB330076CC54 /* Main.storyboard in Resources */ = {isa = PBXBuildFile; fileRef = B0424B071DC0BB330076CC54 /* Main.storyboard */; };
		B0424B0B1DC0BB330076CC54 /* Assets.xcassets in Resources */ = {isa = PBXBuildFile; fileRef = B0424B0A1DC0BB330076CC54 /* Assets.xcassets */; };
		B0424B0E1DC0BB330076CC54 /* LaunchScreen.storyboard in Resources */ = {isa = PBXBuildFile; fileRef = B0424B0C1DC0BB330076CC54 /* LaunchScreen.storyboard */; };
		B0424B1C1DC0BB890076CC54 /* NotificationCenter.framework in Frameworks */ = {isa = PBXBuildFile; fileRef = B0424B1B1DC0BB890076CC54 /* NotificationCenter.framework */; };
		B0424B201DC0BB890076CC54 /* TodayViewController.m in Sources */ = {isa = PBXBuildFile; fileRef = B0424B1F1DC0BB890076CC54 /* TodayViewController.m */; };
		B0424B231DC0BB890076CC54 /* MainInterface.storyboard in Resources */ = {isa = PBXBuildFile; fileRef = B0424B211DC0BB890076CC54 /* MainInterface.storyboard */; };
		B0424B271DC0BB890076CC54 /* ClipBoardExtension.appex in Embed App Extensions */ = {isa = PBXBuildFile; fileRef = B0424B191DC0BB890076CC54 /* ClipBoardExtension.appex */; settings = {ATTRIBUTES = (RemoveHeadersOnCopy, ); }; };
		B06F10171DC1A1F600D3D651 /* KeyboardViewController.m in Sources */ = {isa = PBXBuildFile; fileRef = B06F10161DC1A1F600D3D651 /* KeyboardViewController.m */; };
		B06F101B1DC1A1F600D3D651 /* ClipKeyBoard.appex in Embed App Extensions */ = {isa = PBXBuildFile; fileRef = B06F10131DC1A1F600D3D651 /* ClipKeyBoard.appex */; settings = {ATTRIBUTES = (RemoveHeadersOnCopy, ); }; };
/* End PBXBuildFile section */

/* Begin PBXContainerItemProxy section */
		B0424B251DC0BB890076CC54 /* PBXContainerItemProxy */ = {
			isa = PBXContainerItemProxy;
			containerPortal = B0424AF31DC0BB330076CC54 /* Project object */;
			proxyType = 1;
			remoteGlobalIDString = B0424B181DC0BB890076CC54;
			remoteInfo = ClipBoardExtension;
		};
		B06F10191DC1A1F600D3D651 /* PBXContainerItemProxy */ = {
			isa = PBXContainerItemProxy;
			containerPortal = B0424AF31DC0BB330076CC54 /* Project object */;
			proxyType = 1;
			remoteGlobalIDString = B06F10121DC1A1F600D3D651;
			remoteInfo = ClipKeyBoard;
		};
/* End PBXContainerItemProxy section */

/* Begin PBXCopyFilesBuildPhase section */
		B0424B2B1DC0BB890076CC54 /* Embed App Extensions */ = {
			isa = PBXCopyFilesBuildPhase;
			buildActionMask = 2147483647;
			dstPath = "";
			dstSubfolderSpec = 13;
			files = (
				B0424B271DC0BB890076CC54 /* ClipBoardExtension.appex in Embed App Extensions */,
				B06F101B1DC1A1F600D3D651 /* ClipKeyBoard.appex in Embed App Extensions */,
			);
			name = "Embed App Extensions";
			runOnlyForDeploymentPostprocessing = 0;
		};
/* End PBXCopyFilesBuildPhase section */

/* Begin PBXFileReference section */
		B0424AFB1DC0BB330076CC54 /* ClipBoard.app */ = {isa = PBXFileReference; explicitFileType = wrapper.application; includeInIndex = 0; path = ClipBoard.app; sourceTree = BUILT_PRODUCTS_DIR; };
		B0424AFF1DC0BB330076CC54 /* main.m */ = {isa = PBXFileReference; lastKnownFileType = sourcecode.c.objc; path = main.m; sourceTree = "<group>"; };
		B0424B011DC0BB330076CC54 /* AppDelegate.h */ = {isa = PBXFileReference; lastKnownFileType = sourcecode.c.h; path = AppDelegate.h; sourceTree = "<group>"; };
		B0424B021DC0BB330076CC54 /* AppDelegate.m */ = {isa = PBXFileReference; lastKnownFileType = sourcecode.c.objc; path = AppDelegate.m; sourceTree = "<group>"; };
		B0424B041DC0BB330076CC54 /* ViewController.h */ = {isa = PBXFileReference; lastKnownFileType = sourcecode.c.h; path = ViewController.h; sourceTree = "<group>"; };
		B0424B051DC0BB330076CC54 /* ViewController.m */ = {isa = PBXFileReference; lastKnownFileType = sourcecode.c.objc; path = ViewController.m; sourceTree = "<group>"; };
		B0424B081DC0BB330076CC54 /* Base */ = {isa = PBXFileReference; lastKnownFileType = file.storyboard; name = Base; path = Base.lproj/Main.storyboard; sourceTree = "<group>"; };
		B0424B0A1DC0BB330076CC54 /* Assets.xcassets */ = {isa = PBXFileReference; lastKnownFileType = folder.assetcatalog; path = Assets.xcassets; sourceTree = "<group>"; };
		B0424B0D1DC0BB330076CC54 /* Base */ = {isa = PBXFileReference; lastKnownFileType = file.storyboard; name = Base; path = Base.lproj/LaunchScreen.storyboard; sourceTree = "<group>"; };
		B0424B0F1DC0BB330076CC54 /* Info.plist */ = {isa = PBXFileReference; lastKnownFileType = text.plist.xml; path = Info.plist; sourceTree = "<group>"; };
		B0424B191DC0BB890076CC54 /* ClipBoardExtension.appex */ = {isa = PBXFileReference; explicitFileType = "wrapper.app-extension"; includeInIndex = 0; path = ClipBoardExtension.appex; sourceTree = BUILT_PRODUCTS_DIR; };
		B0424B1B1DC0BB890076CC54 /* NotificationCenter.framework */ = {isa = PBXFileReference; lastKnownFileType = wrapper.framework; name = NotificationCenter.framework; path = System/Library/Frameworks/NotificationCenter.framework; sourceTree = SDKROOT; };
		B0424B1E1DC0BB890076CC54 /* TodayViewController.h */ = {isa = PBXFileReference; lastKnownFileType = sourcecode.c.h; path = TodayViewController.h; sourceTree = "<group>"; };
		B0424B1F1DC0BB890076CC54 /* TodayViewController.m */ = {isa = PBXFileReference; lastKnownFileType = sourcecode.c.objc; path = TodayViewController.m; sourceTree = "<group>"; };
		B0424B221DC0BB890076CC54 /* Base */ = {isa = PBXFileReference; lastKnownFileType = file.storyboard; name = Base; path = Base.lproj/MainInterface.storyboard; sourceTree = "<group>"; };
		B0424B241DC0BB890076CC54 /* Info.plist */ = {isa = PBXFileReference; lastKnownFileType = text.plist.xml; path = Info.plist; sourceTree = "<group>"; };
		B06F10131DC1A1F600D3D651 /* ClipKeyBoard.appex */ = {isa = PBXFileReference; explicitFileType = "wrapper.app-extension"; includeInIndex = 0; path = ClipKeyBoard.appex; sourceTree = BUILT_PRODUCTS_DIR; };
		B06F10151DC1A1F600D3D651 /* KeyboardViewController.h */ = {isa = PBXFileReference; lastKnownFileType = sourcecode.c.h; path = KeyboardViewController.h; sourceTree = "<group>"; };
		B06F10161DC1A1F600D3D651 /* KeyboardViewController.m */ = {isa = PBXFileReference; lastKnownFileType = sourcecode.c.objc; path = KeyboardViewController.m; sourceTree = "<group>"; };
		B06F10181DC1A1F600D3D651 /* Info.plist */ = {isa = PBXFileReference; lastKnownFileType = text.plist.xml; path = Info.plist; sourceTree = "<group>"; };
/* End PBXFileReference section */

/* Begin PBXFrameworksBuildPhase section */
		B0424AF81DC0BB330076CC54 /* Frameworks */ = {
			isa = PBXFrameworksBuildPhase;
			buildActionMask = 2147483647;
			files = (
			);
			runOnlyForDeploymentPostprocessing = 0;
		};
		B0424B161DC0BB890076CC54 /* Frameworks */ = {
			isa = PBXFrameworksBuildPhase;
			buildActionMask = 2147483647;
			files = (
				B0424B1C1DC0BB890076CC54 /* NotificationCenter.framework in Frameworks */,
			);
			runOnlyForDeploymentPostprocessing = 0;
		};
		B06F10101DC1A1F600D3D651 /* Frameworks */ = {
			isa = PBXFrameworksBuildPhase;
			buildActionMask = 2147483647;
			files = (
			);
			runOnlyForDeploymentPostprocessing = 0;
		};
/* End PBXFrameworksBuildPhase section */

/* Begin PBXGroup section */
		B0424AF21DC0BB330076CC54 = {
			isa = PBXGroup;
			children = (
				B0424AFD1DC0BB330076CC54 /* ClipBoard */,
				B0424B1D1DC0BB890076CC54 /* ClipBoardExtension */,
				B06F10141DC1A1F600D3D651 /* ClipKeyBoard */,
				B0424B1A1DC0BB890076CC54 /* Frameworks */,
				B0424AFC1DC0BB330076CC54 /* Products */,
			);
			sourceTree = "<group>";
		};
		B0424AFC1DC0BB330076CC54 /* Products */ = {
			isa = PBXGroup;
			children = (
				B0424AFB1DC0BB330076CC54 /* ClipBoard.app */,
				B0424B191DC0BB890076CC54 /* ClipBoardExtension.appex */,
				B06F10131DC1A1F600D3D651 /* ClipKeyBoard.appex */,
			);
			name = Products;
			sourceTree = "<group>";
		};
		B0424AFD1DC0BB330076CC54 /* ClipBoard */ = {
			isa = PBXGroup;
			children = (
				B0424B011DC0BB330076CC54 /* AppDelegate.h */,
				B0424B021DC0BB330076CC54 /* AppDelegate.m */,
				B0424B041DC0BB330076CC54 /* ViewController.h */,
				B0424B051DC0BB330076CC54 /* ViewController.m */,
				B0424B071DC0BB330076CC54 /* Main.storyboard */,
				B0424B0A1DC0BB330076CC54 /* Assets.xcassets */,
				B0424B0C1DC0BB330076CC54 /* LaunchScreen.storyboard */,
				B0424B0F1DC0BB330076CC54 /* Info.plist */,
				B0424AFE1DC0BB330076CC54 /* Supporting Files */,
			);
			path = ClipBoard;
			sourceTree = "<group>";
		};
		B0424AFE1DC0BB330076CC54 /* Supporting Files */ = {
			isa = PBXGroup;
			children = (
				B0424AFF1DC0BB330076CC54 /* main.m */,
			);
			name = "Supporting Files";
			sourceTree = "<group>";
		};
		B0424B1A1DC0BB890076CC54 /* Frameworks */ = {
			isa = PBXGroup;
			children = (
				B0424B1B1DC0BB890076CC54 /* NotificationCenter.framework */,
			);
			name = Frameworks;
			sourceTree = "<group>";
		};
		B0424B1D1DC0BB890076CC54 /* ClipBoardExtension */ = {
			isa = PBXGroup;
			children = (
				B0424B1E1DC0BB890076CC54 /* TodayViewController.h */,
				B0424B1F1DC0BB890076CC54 /* TodayViewController.m */,
				B0424B211DC0BB890076CC54 /* MainInterface.storyboard */,
				B0424B241DC0BB890076CC54 /* Info.plist */,
			);
			path = ClipBoardExtension;
			sourceTree = "<group>";
		};
		B06F10141DC1A1F600D3D651 /* ClipKeyBoard */ = {
			isa = PBXGroup;
			children = (
				B06F10151DC1A1F600D3D651 /* KeyboardViewController.h */,
				B06F10161DC1A1F600D3D651 /* KeyboardViewController.m */,
				B06F10181DC1A1F600D3D651 /* Info.plist */,
			);
			path = ClipKeyBoard;
			sourceTree = "<group>";
		};
/* End PBXGroup section */

/* Begin PBXNativeTarget section */
		B0424AFA1DC0BB330076CC54 /* ClipBoard */ = {
			isa = PBXNativeTarget;
			buildConfigurationList = B0424B121DC0BB330076CC54 /* Build configuration list for PBXNativeTarget "ClipBoard" */;
			buildPhases = (
				B0424AF71DC0BB330076CC54 /* Sources */,
				B0424AF81DC0BB330076CC54 /* Frameworks */,
				B0424AF91DC0BB330076CC54 /* Resources */,
				B0424B2B1DC0BB890076CC54 /* Embed App Extensions */,
			);
			buildRules = (
			);
			dependencies = (
				B0424B261DC0BB890076CC54 /* PBXTargetDependency */,
				B06F101A1DC1A1F600D3D651 /* PBXTargetDependency */,
			);
			name = ClipBoard;
			productName = ClipBoard;
			productReference = B0424AFB1DC0BB330076CC54 /* ClipBoard.app */;
			productType = "com.apple.product-type.application";
		};
		B0424B181DC0BB890076CC54 /* ClipBoardExtension */ = {
			isa = PBXNativeTarget;
			buildConfigurationList = B0424B281DC0BB890076CC54 /* Build configuration list for PBXNativeTarget "ClipBoardExtension" */;
			buildPhases = (
				B0424B151DC0BB890076CC54 /* Sources */,
				B0424B161DC0BB890076CC54 /* Frameworks */,
				B0424B171DC0BB890076CC54 /* Resources */,
			);
			buildRules = (
			);
			dependencies = (
			);
			name = ClipBoardExtension;
			productName = ClipBoardExtension;
			productReference = B0424B191DC0BB890076CC54 /* ClipBoardExtension.appex */;
			productType = "com.apple.product-type.app-extension";
		};
		B06F10121DC1A1F600D3D651 /* ClipKeyBoard */ = {
			isa = PBXNativeTarget;
			buildConfigurationList = B06F101E1DC1A1F700D3D651 /* Build configuration list for PBXNativeTarget "ClipKeyBoard" */;
			buildPhases = (
				B06F100F1DC1A1F600D3D651 /* Sources */,
				B06F10101DC1A1F600D3D651 /* Frameworks */,
				B06F10111DC1A1F600D3D651 /* Resources */,
			);
			buildRules = (
			);
			dependencies = (
			);
			name = ClipKeyBoard;
			productName = ClipKeyBoard;
			productReference = B06F10131DC1A1F600D3D651 /* ClipKeyBoard.appex */;
			productType = "com.apple.product-type.app-extension";
		};
/* End PBXNativeTarget section */

/* Begin PBXProject section */
		B0424AF31DC0BB330076CC54 /* Project object */ = {
			isa = PBXProject;
			attributes = {
				LastUpgradeCheck = 0800;
				ORGANIZATIONNAME = wayne;
				TargetAttributes = {
					B0424AFA1DC0BB330076CC54 = {
						CreatedOnToolsVersion = 8.0;
						DevelopmentTeam = 8SJXRJ78CW;
						ProvisioningStyle = Automatic;
					};
					B0424B181DC0BB890076CC54 = {
						CreatedOnToolsVersion = 8.0;
						DevelopmentTeam = 8SJXRJ78CW;
						ProvisioningStyle = Automatic;
					};
					B06F10121DC1A1F600D3D651 = {
						CreatedOnToolsVersion = 8.0;
						DevelopmentTeam = 8SJXRJ78CW;
						ProvisioningStyle = Automatic;
					};
				};
			};
			buildConfigurationList = B0424AF61DC0BB330076CC54 /* Build configuration list for PBXProject "ClipBoard" */;
			compatibilityVersion = "Xcode 3.2";
			developmentRegion = English;
			hasScannedForEncodings = 0;
			knownRegions = (
				en,
				Base,
			);
			mainGroup = B0424AF21DC0BB330076CC54;
			productRefGroup = B0424AFC1DC0BB330076CC54 /* Products */;
			projectDirPath = "";
			projectRoot = "";
			targets = (
				B0424AFA1DC0BB330076CC54 /* ClipBoard */,
				B0424B181DC0BB890076CC54 /* ClipBoardExtension */,
				B06F10121DC1A1F600D3D651 /* ClipKeyBoard */,
			);
		};
/* End PBXProject section */

/* Begin PBXResourcesBuildPhase section */
		B0424AF91DC0BB330076CC54 /* Resources */ = {
			isa = PBXResourcesBuildPhase;
			buildActionMask = 2147483647;
			files = (
				B0424B0E1DC0BB330076CC54 /* LaunchScreen.storyboard in Resources */,
				B0424B0B1DC0BB330076CC54 /* Assets.xcassets in Resources */,
				B0424B091DC0BB330076CC54 /* Main.storyboard in Resources */,
			);
			runOnlyForDeploymentPostprocessing = 0;
		};
		B0424B171DC0BB890076CC54 /* Resources */ = {
			isa = PBXResourcesBuildPhase;
			buildActionMask = 2147483647;
			files = (
				B0424B231DC0BB890076CC54 /* MainInterface.storyboard in Resources */,
			);
			runOnlyForDeploymentPostprocessing = 0;
		};
		B06F10111DC1A1F600D3D651 /* Resources */ = {
			isa = PBXResourcesBuildPhase;
			buildActionMask = 2147483647;
			files = (
			);
			runOnlyForDeploymentPostprocessing = 0;
		};
/* End PBXResourcesBuildPhase section */

/* Begin PBXSourcesBuildPhase section */
		B0424AF71DC0BB330076CC54 /* Sources */ = {
			isa = PBXSourcesBuildPhase;
			buildActionMask = 2147483647;
			files = (
				B0424B061DC0BB330076CC54 /* ViewController.m in Sources */,
				B0424B031DC0BB330076CC54 /* AppDelegate.m in Sources */,
				B0424B001DC0BB330076CC54 /* main.m in Sources */,
			);
			runOnlyForDeploymentPostprocessing = 0;
		};
		B0424B151DC0BB890076CC54 /* Sources */ = {
			isa = PBXSourcesBuildPhase;
			buildActionMask = 2147483647;
			files = (
				B0424B201DC0BB890076CC54 /* TodayViewController.m in Sources */,
			);
			runOnlyForDeploymentPostprocessing = 0;
		};
		B06F100F1DC1A1F600D3D651 /* Sources */ = {
			isa = PBXSourcesBuildPhase;
			buildActionMask = 2147483647;
			files = (
				B06F10171DC1A1F600D3D651 /* KeyboardViewController.m in Sources */,
			);
			runOnlyForDeploymentPostprocessing = 0;
		};
/* End PBXSourcesBuildPhase section */

/* Begin PBXTargetDependency section */
		B0424B261DC0BB890076CC54 /* PBXTargetDependency */ = {
			isa = PBXTargetDependency;
			target = B0424B181DC0BB890076CC54 /* ClipBoardExtension */;
			targetProxy = B0424B251DC0BB890076CC54 /* PBXContainerItemProxy */;
		};
		B06F101A1DC1A1F600D3D651 /* PBXTargetDependency */ = {
			isa = PBXTargetDependency;
			target = B06F10121DC1A1F600D3D651 /* ClipKeyBoard */;
			targetProxy = B06F10191DC1A1F600D3D651 /* PBXContainerItemProxy */;
		};
/* End PBXTargetDependency section */

/* Begin PBXVariantGroup section */
		B0424B071DC0BB330076CC54 /* Main.storyboard */ = {
			isa = PBXVariantGroup;
			children = (
				B0424B081DC0BB330076CC54 /* Base */,
			);
			name = Main.storyboard;
			sourceTree = "<group>";
		};
		B0424B0C1DC0BB330076CC54 /* LaunchScreen.storyboard */ = {
			isa = PBXVariantGroup;
			children = (
				B0424B0D1DC0BB330076CC54 /* Base */,
			);
			name = LaunchScreen.storyboard;
			sourceTree = "<group>";
		};
		B0424B211DC0BB890076CC54 /* MainInterface.storyboard */ = {
			isa = PBXVariantGroup;
			children = (
				B0424B221DC0BB890076CC54 /* Base */,
			);
			name = MainInterface.storyboard;
			sourceTree = "<group>";
		};
/* End PBXVariantGroup section */

/* Begin XCBuildConfiguration section */
		B0424B101DC0BB330076CC54 /* Debug */ = {
			isa = XCBuildConfiguration;
			buildSettings = {
				ALWAYS_SEARCH_USER_PATHS = NO;
				CLANG_ANALYZER_NONNULL = YES;
				CLANG_CXX_LANGUAGE_STANDARD = "gnu++0x";
				CLANG_CXX_LIBRARY = "libc++";
				CLANG_ENABLE_MODULES = YES;
				CLANG_ENABLE_OBJC_ARC = YES;
				CLANG_WARN_BOOL_CONVERSION = YES;
				CLANG_WARN_CONSTANT_CONVERSION = YES;
				CLANG_WARN_DIRECT_OBJC_ISA_USAGE = YES_ERROR;
				CLANG_WARN_DOCUMENTATION_COMMENTS = YES;
				CLANG_WARN_EMPTY_BODY = YES;
				CLANG_WARN_ENUM_CONVERSION = YES;
				CLANG_WARN_INFINITE_RECURSION = YES;
				CLANG_WARN_INT_CONVERSION = YES;
				CLANG_WARN_OBJC_ROOT_CLASS = YES_ERROR;
				CLANG_WARN_SUSPICIOUS_MOVES = YES;
				CLANG_WARN_UNREACHABLE_CODE = YES;
				CLANG_WARN__DUPLICATE_METHOD_MATCH = YES;
				"CODE_SIGN_IDENTITY[sdk=iphoneos*]" = "iPhone Developer";
				COPY_PHASE_STRIP = NO;
				DEBUG_INFORMATION_FORMAT = dwarf;
				ENABLE_STRICT_OBJC_MSGSEND = YES;
				ENABLE_TESTABILITY = YES;
				GCC_C_LANGUAGE_STANDARD = gnu99;
				GCC_DYNAMIC_NO_PIC = NO;
				GCC_NO_COMMON_BLOCKS = YES;
				GCC_OPTIMIZATION_LEVEL = 0;
				GCC_PREPROCESSOR_DEFINITIONS = (
					"DEBUG=1",
					"$(inherited)",
				);
				GCC_WARN_64_TO_32_BIT_CONVERSION = YES;
				GCC_WARN_ABOUT_RETURN_TYPE = YES_ERROR;
				GCC_WARN_UNDECLARED_SELECTOR = YES;
				GCC_WARN_UNINITIALIZED_AUTOS = YES_AGGRESSIVE;
				GCC_WARN_UNUSED_FUNCTION = YES;
				GCC_WARN_UNUSED_VARIABLE = YES;
				IPHONEOS_DEPLOYMENT_TARGET = 10.0;
				MTL_ENABLE_DEBUG_INFO = YES;
				ONLY_ACTIVE_ARCH = YES;
				SDKROOT = iphoneos;
			};
			name = Debug;
		};
		B0424B111DC0BB330076CC54 /* Release */ = {
			isa = XCBuildConfiguration;
			buildSettings = {
				ALWAYS_SEARCH_USER_PATHS = NO;
				CLANG_ANALYZER_NONNULL = YES;
				CLANG_CXX_LANGUAGE_STANDARD = "gnu++0x";
				CLANG_CXX_LIBRARY = "libc++";
				CLANG_ENABLE_MODULES = YES;
				CLANG_ENABLE_OBJC_ARC = YES;
				CLANG_WARN_BOOL_CONVERSION = YES;
				CLANG_WARN_CONSTANT_CONVERSION = YES;
				CLANG_WARN_DIRECT_OBJC_ISA_USAGE = YES_ERROR;
				CLANG_WARN_DOCUMENTATION_COMMENTS = YES;
				CLANG_WARN_EMPTY_BODY = YES;
				CLANG_WARN_ENUM_CONVERSION = YES;
				CLANG_WARN_INFINITE_RECURSION = YES;
				CLANG_WARN_INT_CONVERSION = YES;
				CLANG_WARN_OBJC_ROOT_CLASS = YES_ERROR;
				CLANG_WARN_SUSPICIOUS_MOVES = YES;
				CLANG_WARN_UNREACHABLE_CODE = YES;
				CLANG_WARN__DUPLICATE_METHOD_MATCH = YES;
				"CODE_SIGN_IDENTITY[sdk=iphoneos*]" = "iPhone Developer";
				COPY_PHASE_STRIP = NO;
				DEBUG_INFORMATION_FORMAT = "dwarf-with-dsym";
				ENABLE_NS_ASSERTIONS = NO;
				ENABLE_STRICT_OBJC_MSGSEND = YES;
				GCC_C_LANGUAGE_STANDARD = gnu99;
				GCC_NO_COMMON_BLOCKS = YES;
				GCC_WARN_64_TO_32_BIT_CONVERSION = YES;
				GCC_WARN_ABOUT_RETURN_TYPE = YES_ERROR;
				GCC_WARN_UNDECLARED_SELECTOR = YES;
				GCC_WARN_UNINITIALIZED_AUTOS = YES_AGGRESSIVE;
				GCC_WARN_UNUSED_FUNCTION = YES;
				GCC_WARN_UNUSED_VARIABLE = YES;
				IPHONEOS_DEPLOYMENT_TARGET = 10.0;
				MTL_ENABLE_DEBUG_INFO = NO;
				SDKROOT = iphoneos;
				VALIDATE_PRODUCT = YES;
			};
			name = Release;
		};
		B0424B131DC0BB330076CC54 /* Debug */ = {
			isa = XCBuildConfiguration;
			buildSettings = {
				ASSETCATALOG_COMPILER_APPICON_NAME = AppIcon;
				DEVELOPMENT_TEAM = 8SJXRJ78CW;
				INFOPLIST_FILE = ClipBoard/Info.plist;
				IPHONEOS_DEPLOYMENT_TARGET = 8.3;
				LD_RUNPATH_SEARCH_PATHS = "$(inherited) @executable_path/Frameworks";
				PRODUCT_BUNDLE_IDENTIFIER = io.github.ichenwin.ClipBoard;
				PRODUCT_NAME = "$(TARGET_NAME)";
			};
			name = Debug;
		};
		B0424B141DC0BB330076CC54 /* Release */ = {
			isa = XCBuildConfiguration;
			buildSettings = {
				ASSETCATALOG_COMPILER_APPICON_NAME = AppIcon;
				DEVELOPMENT_TEAM = 8SJXRJ78CW;
				INFOPLIST_FILE = ClipBoard/Info.plist;
				IPHONEOS_DEPLOYMENT_TARGET = 8.3;
				LD_RUNPATH_SEARCH_PATHS = "$(inherited) @executable_path/Frameworks";
				PRODUCT_BUNDLE_IDENTIFIER = io.github.ichenwin.ClipBoard;
				PRODUCT_NAME = "$(TARGET_NAME)";
			};
			name = Release;
		};
		B0424B291DC0BB890076CC54 /* Debug */ = {
			isa = XCBuildConfiguration;
			buildSettings = {
				DEVELOPMENT_TEAM = 8SJXRJ78CW;
				INFOPLIST_FILE = ClipBoardExtension/Info.plist;
				IPHONEOS_DEPLOYMENT_TARGET = 8.3;
				LD_RUNPATH_SEARCH_PATHS = "$(inherited) @executable_path/Frameworks @executable_path/../../Frameworks";
				PRODUCT_BUNDLE_IDENTIFIER = io.github.ichenwin.ClipBoard.ClipBoardExtension;
				PRODUCT_NAME = "$(TARGET_NAME)";
				SKIP_INSTALL = YES;
			};
			name = Debug;
		};
		B0424B2A1DC0BB890076CC54 /* Release */ = {
			isa = XCBuildConfiguration;
			buildSettings = {
				DEVELOPMENT_TEAM = 8SJXRJ78CW;
				INFOPLIST_FILE = ClipBoardExtension/Info.plist;
				IPHONEOS_DEPLOYMENT_TARGET = 8.3;
				LD_RUNPATH_SEARCH_PATHS = "$(inherited) @executable_path/Frameworks @executable_path/../../Frameworks";
				PRODUCT_BUNDLE_IDENTIFIER = io.github.ichenwin.ClipBoard.ClipBoardExtension;
				PRODUCT_NAME = "$(TARGET_NAME)";
				SKIP_INSTALL = YES;
			};
			name = Release;
		};
		B06F101C1DC1A1F700D3D651 /* Debug */ = {
			isa = XCBuildConfiguration;
			buildSettings = {
				DEVELOPMENT_TEAM = 8SJXRJ78CW;
				INFOPLIST_FILE = ClipKeyBoard/Info.plist;
				IPHONEOS_DEPLOYMENT_TARGET = 8.3;
				LD_RUNPATH_SEARCH_PATHS = "$(inherited) @executable_path/Frameworks @executable_path/../../Frameworks";
				PRODUCT_BUNDLE_IDENTIFIER = io.github.ichenwin.ClipBoard.ClipKeyBoard;
				PRODUCT_NAME = "$(TARGET_NAME)";
				SKIP_INSTALL = YES;
			};
			name = Debug;
		};
		B06F101D1DC1A1F700D3D651 /* Release */ = {
			isa = XCBuildConfiguration;
			buildSettings = {
				DEVELOPMENT_TEAM = 8SJXRJ78CW;
				INFOPLIST_FILE = ClipKeyBoard/Info.plist;
				IPHONEOS_DEPLOYMENT_TARGET = 8.3;
				LD_RUNPATH_SEARCH_PATHS = "$(inherited) @executable_path/Frameworks @executable_path/../../Frameworks";
				PRODUCT_BUNDLE_IDENTIFIER = io.github.ichenwin.ClipBoard.ClipKeyBoard;
				PRODUCT_NAME = "$(TARGET_NAME)";
				SKIP_INSTALL = YES;
			};
			name = Release;
		};
/* End XCBuildConfiguration section */

/* Begin XCConfigurationList section */
		B0424AF61DC0BB330076CC54 /* Build configuration list for PBXProject "ClipBoard" */ = {
			isa = XCConfigurationList;
			buildConfigurations = (
				B0424B101DC0BB330076CC54 /* Debug */,
				B0424B111DC0BB330076CC54 /* Release */,
			);
			defaultConfigurationIsVisible = 0;
			defaultConfigurationName = Release;
		};
		B0424B121DC0BB330076CC54 /* Build configuration list for PBXNativeTarget "ClipBoard" */ = {
			isa = XCConfigurationList;
			buildConfigurations = (
				B0424B131DC0BB330076CC54 /* Debug */,
				B0424B141DC0BB330076CC54 /* Release */,
			);
			defaultConfigurationIsVisible = 0;
			defaultConfigurationName = Release;
		};
		B0424B281DC0BB890076CC54 /* Build configuration list for PBXNativeTarget "ClipBoardExtension" */ = {
			isa = XCConfigurationList;
			buildConfigurations = (
				B0424B291DC0BB890076CC54 /* Debug */,
				B0424B2A1DC0BB890076CC54 /* Release */,
			);
			defaultConfigurationIsVisible = 0;
			defaultConfigurationName = Release;
		};
		B06F101E1DC1A1F700D3D651 /* Build configuration list for PBXNativeTarget "ClipKeyBoard" */ = {
			isa = XCConfigurationList;
			buildConfigurations = (
				B06F101C1DC1A1F700D3D651 /* Debug */,
				B06F101D1DC1A1F700D3D651 /* Release */,
			);
			defaultConfigurationIsVisible = 0;
		};
/* End XCConfigurationList section */
	};
	rootObject = B0424AF31DC0BB330076CC54 /* Project object */;
}
